{
  "name": "prisma-client-f7fdb391d68074c795b1c7b1cc8ab8d07d3b00dc28bf1d6c45c841fdd39eb141",
  "version": "6.3.1",
  "lockfileVersion": 3,
  "requires": true,
  "packages": {
    "": {
      "name": "prisma-client-f7fdb391d68074c795b1c7b1cc8ab8d07d3b00dc28bf1d6c45c841fdd39eb141",
      "version": "6.3.1",
      "dependencies": {
        "prisma-client-f7fdb391d68074c795b1c7b1cc8ab8d07d3b00dc28bf1d6c45c841fdd39eb141": "file:"
      }
    },
    "node_modules/prisma-client-f7fdb391d68074c795b1c7b1cc8ab8d07d3b00dc28bf1d6c45c841fdd39eb141": {
      "resolved": "",
      "link": true
    }
  }
}
